[[package]]
name = "cheroot"
version = "8.6.0"
description = "Highly-optimized, pure-python HTTP server"
category = "main"
optional = false
python-versions = "!=3.0.*,!=3.1.*,!=3.2.*,!=3.3.*,>=2.7"

[package.dependencies]
"jaraco.functools" = "*"
more-itertools = {version = ">=2.6", markers = "python_version >= \"3.6\""}
six = ">=1.11.0"

[package.extras]
docs = ["sphinx (>=1.8.2)", "jaraco.packaging (>=3.2)", "sphinx-tabs (>=1.1.0)", "furo", "python-dateutil", "sphinxcontrib-apidoc (>=0.3.0)"]

[[package]]
name = "jaraco.functools"
version = "3.5.0"
description = "Functools like those found in stdlib"
category = "main"
optional = false
python-versions = ">=3.7"

[package.dependencies]
more-itertools = "*"

[package.extras]
docs = ["sphinx", "jaraco.packaging (>=8.2)", "rst.linker (>=1.9)"]
testing = ["pytest (>=6)", "pytest-checkdocs (>=2.4)", "pytest-flake8", "pytest-cov", "pytest-enabler (>=1.0.1)", "jaraco.classes", "pytest-black (>=0.3.7)", "pytest-mypy"]

[[package]]
name = "more-itertools"
version = "8.12.0"
description = "More routines for operating on iterables, beyond itertools"
category = "main"
optional = false
python-versions = ">=3.5"

[[package]]
name = "six"
version = "1.16.0"
description = "Python 2 and 3 compatibility utilities"
category = "main"
optional = false
python-versions = ">=2.7, !=3.0.*, !=3.1.*, !=3.2.*"

[[package]]
name = "web.py"
version = "0.62"
description = "web.py: makes web apps"
category = "main"
optional = false
python-versions = ">=3.5"

[package.dependencies]
cheroot = "*"

[metadata]
lock-version = "1.1"
python-versions = "^3.8"
content-hash = "ea2a9e671dced621bb7428de04b4b45e973de10138581d931bfaeb4ee44717e1"

[metadata.files]
cheroot = [
    {file = "cheroot-8.6.0-py2.py3-none-any.whl", hash = "sha256:62cbced16f07e8aaf512673987cd6b1fc5ad00073345e9ed6c4e2a5cc2a3a22d"},
    {file = "cheroot-8.6.0.tar.gz", hash = "sha256:366adf6e7cac9555486c2d1be6297993022eff6f8c4655c1443268cca3f08e25"},
]
"jaraco.functools" = [
    {file = "jaraco.functools-3.5.0-py3-none-any.whl", hash = "sha256:141f95c490a18eb8aab86caf7a2728f02f604988a26dc36652e3d9fa9e4c49fa"},
    {file = "jaraco.functools-3.5.0.tar.gz", hash = "sha256:31e0e93d1027592b7b0bec6ad468db850338981ebee76ba5e212e235f4c7dda0"},
]
more-itertools = [
    {file = "more-itertools-8.12.0.tar.gz", hash = "sha256:7dc6ad46f05f545f900dd59e8dfb4e84a4827b97b3cfecb175ea0c7d247f6064"},
    {file = "more_itertools-8.12.0-py3-none-any.whl", hash = "sha256:43e6dd9942dffd72661a2c4ef383ad7da1e6a3e968a927ad7a6083ab410a688b"},
]
six = [
    {file = "six-1.16.0-py2.py3-none-any.whl", hash = "sha256:8abb2f1d86890a2dfb989f9a77cfcfd3e47c2a354b01111771326f8aa26e0254"},
    {file = "six-1.16.0.tar.gz", hash = "sha256:1e61c37477a1626458e36f7b1d82aa5c9b094fa4802892072e49de9c60c4c926"},
]
"web.py" = [
    {file = "web.py-0.62.tar.gz", hash = "sha256:5ce684caa240654cae5950da8b4b7bc178812031e08f990518d072bd44ab525e"},
]
